
Microsoft Visual Studio Solution File, Format Version 12.00
# Visual Studio Version 16
VisualStudioVersion = 16.0.31112.23
MinimumVisualStudioVersion = 10.0.40219.1
Project("{8BC9CEB8-8B4A-11D0-8D11-00A0C91BC942}") = "HelloWorld_C_RR", "HelloWorld_C_RR.vcxproj", "{B9C167F7-59D2-472F-9858-CC4C70C02185}"
EndProject
Global
	GlobalSection(SolutionConfigurationPlatforms) = preSolution
		Debug|x64 = Debug|x64
		Debug|x86 = Debug|x86
		Release|x64 = Release|x64
		Release|x86 = Release|x86
	EndGlobalSection
	GlobalSection(ProjectConfigurationPlatforms) = postSolution
		{B9C167F7-59D2-472F-9858-CC4C70C02185}.Debug|x64.ActiveCfg = Debug|x64
		{B9C167F7-59D2-472F-9858-CC4C70C02185}.Debug|x64.Build.0 = Debug|x64
		{B9C167F7-59D2-472F-9858-CC4C70C02185}.Debug|x86.ActiveCfg = Debug|Win32
		{B9C167F7-59D2-472F-9858-CC4C70C02185}.Debug|x86.Build.0 = Debug|Win32
		{B9C167F7-59D2-472F-9858-CC4C70C02185}.Release|x64.ActiveCfg = Release|x64
		{B9C167F7-59D2-472F-9858-CC4C70C02185}.Release|x64.Build.0 = Release|x64
		{B9C167F7-59D2-472F-9858-CC4C70C02185}.Release|x86.ActiveCfg = Release|Win32
		{B9C167F7-59D2-472F-9858-CC4C70C02185}.Release|x86.Build.0 = Release|Win32
	EndGlobalSection
	GlobalSection(SolutionProperties) = preSolution
		HideSolutionNode = FALSE
	EndGlobalSection
	GlobalSection(ExtensibilityGlobals) = postSolution
		SolutionGuid = {CFDA93F8-6B40-419A-B69C-CD566A29AFC4}
	EndGlobalSection
EndGlobal
